{
  "name": "test",
  "version": "1.0.0",
  "lockfileVersion": 2,
  "requires": true,
  "packages": {
    "": {
      "name": "test",
      "version": "1.0.0",
      "license": "ISC",
      "dependencies": {
        "@bs-commerce/models": "^2.2.1"
      }
    },
    "node_modules/@bs-commerce/models": {
      "version": "2.2.1",
      "resolved": "https://registry.npmjs.org/@bs-commerce/models/-/models-2.2.1.tgz",
      "integrity": "sha512-4o76Tj+EIu5rjzRLh4Mwncx61qh7zgX7pbY8sdDZd4wgu/v0wXtJVQgUH3/Of67d2MIr83XW8i4pIkKozynQlw==",
      "dependencies": {
        "typescript": "^4.8.2"
      }
    },
    "node_modules/typescript": {
      "version": "4.8.2",
      "resolved": "https://registry.npmjs.org/typescript/-/typescript-4.8.2.tgz",
      "integrity": "sha512-C0I1UsrrDHo2fYI5oaCGbSejwX4ch+9Y5jTQELvovfmFkK3HHSZJB8MSJcWLmCUBzQBchCrZ9rMRV6GuNrvGtw==",
      "bin": {
        "tsc": "bin/tsc",
        "tsserver": "bin/tsserver"
      },
      "engines": {
        "node": ">=4.2.0"
      }
    }
  },
  "dependencies": {
    "@bs-commerce/models": {
      "version": "2.2.1",
      "resolved": "https://registry.npmjs.org/@bs-commerce/models/-/models-2.2.1.tgz",
      "integrity": "sha512-4o76Tj+EIu5rjzRLh4Mwncx61qh7zgX7pbY8sdDZd4wgu/v0wXtJVQgUH3/Of67d2MIr83XW8i4pIkKozynQlw==",
      "requires": {
        "typescript": "^4.8.2"
      }
    },
    "typescript": {
      "version": "4.8.2",
      "resolved": "https://registry.npmjs.org/typescript/-/typescript-4.8.2.tgz",
      "integrity": "sha512-C0I1UsrrDHo2fYI5oaCGbSejwX4ch+9Y5jTQELvovfmFkK3HHSZJB8MSJcWLmCUBzQBchCrZ9rMRV6GuNrvGtw=="
    }
  }
}
